
Microsoft Visual Studio Solution File, Format Version 12.00
# Visual Studio Version 17
VisualStudioVersion = 17.2.32505.173
MinimumVisualStudioVersion = 10.0.40219.1
Project("{FAE04EC0-301F-11D3-BF4B-00C04F79EFBC}") = "passwordgenerater", "passwordgenerater\passwordgenerater.csproj", "{D5B88CD5-98A2-4B27-83D6-EAEA3AA87FD3}"
EndProject
Global
	GlobalSection(SolutionConfigurationPlatforms) = preSolution
		Debug|Any CPU = Debug|Any CPU
		Release|Any CPU = Release|Any CPU
	EndGlobalSection
	GlobalSection(ProjectConfigurationPlatforms) = postSolution
		{D5B88CD5-98A2-4B27-83D6-EAEA3AA87FD3}.Debug|Any CPU.ActiveCfg = Debug|Any CPU
		{D5B88CD5-98A2-4B27-83D6-EAEA3AA87FD3}.Debug|Any CPU.Build.0 = Debug|Any CPU
		{D5B88CD5-98A2-4B27-83D6-EAEA3AA87FD3}.Release|Any CPU.ActiveCfg = Release|Any CPU
		{D5B88CD5-98A2-4B27-83D6-EAEA3AA87FD3}.Release|Any CPU.Build.0 = Release|Any CPU
	EndGlobalSection
	GlobalSection(SolutionProperties) = preSolution
		HideSolutionNode = FALSE
	EndGlobalSection
	GlobalSection(ExtensibilityGlobals) = postSolution
		SolutionGuid = {55A91EE6-6D46-42EA-98ED-5039C1B5627E}
	EndGlobalSection
EndGlobal
